// !$*UTF8*$!
{
	archiveVersion = 1;
	classes = {
	};
	objectVersion = 46;
	objects = {

/* Begin PBXBuildFile section */
		60E7B4601F29870500DD224E /* AppDelegate.swift in Sources */ = {isa = PBXBuildFile; fileRef = 60E7B45F1F29870500DD224E /* AppDelegate.swift */; };
		60E7B4651F29870500DD224E /* Main.storyboard in Resources */ = {isa = PBXBuildFile; fileRef = 60E7B4631F29870500DD224E /* Main.storyboard */; };
		60E7B4671F29870500DD224E /* Assets.xcassets in Resources */ = {isa = PBXBuildFile; fileRef = 60E7B4661F29870500DD224E /* Assets.xcassets */; };
		60E7B46A1F29870500DD224E /* LaunchScreen.storyboard in Resources */ = {isa = PBXBuildFile; fileRef = 60E7B4681F29870500DD224E /* LaunchScreen.storyboard */; };
		60E7B4741F29877800DD224E /* ViewController.mm in Sources */ = {isa = PBXBuildFile; fileRef = 60E7B4731F29877800DD224E /* ViewController.mm */; };
		60E7B4771F29893900DD224E /* opencv2.framework in Frameworks */ = {isa = PBXBuildFile; fileRef = 60E7B4761F29893900DD224E /* opencv2.framework */; };
/* End PBXBuildFile section */

/* Begin PBXFileReference section */
		60E7B45C1F29870500DD224E /* OpenCVTest.app */ = {isa = PBXFileReference; explicitFileType = wrapper.application; includeInIndex = 0; path = OpenCVTest.app; sourceTree = BUILT_PRODUCTS_DIR; };
		60E7B45F1F29870500DD224E /* AppDelegate.swift */ = {isa = PBXFileReference; lastKnownFileType = sourcecode.swift; path = AppDelegate.swift; sourceTree = "<group>"; };
		60E7B4641F29870500DD224E /* Base */ = {isa = PBXFileReference; lastKnownFileType = file.storyboard; name = Base; path = Base.lproj/Main.storyboard; sourceTree = "<group>"; };
		60E7B4661F29870500DD224E /* Assets.xcassets */ = {isa = PBXFileReference; lastKnownFileType = folder.assetcatalog; path = Assets.xcassets; sourceTree = "<group>"; };
		60E7B4691F29870500DD224E /* Base */ = {isa = PBXFileReference; lastKnownFileType = file.storyboard; name = Base; path = Base.lproj/LaunchScreen.storyboard; sourceTree = "<group>"; };
		60E7B46B1F29870500DD224E /* Info.plist */ = {isa = PBXFileReference; lastKnownFileType = text.plist.xml; path = Info.plist; sourceTree = "<group>"; };
		60E7B4711F29876B00DD224E /* ViewController.h */ = {isa = PBXFileReference; lastKnownFileType = sourcecode.c.h; path = ViewController.h; sourceTree = "<group>"; };
		60E7B4721F29877800DD224E /* OpenCVTest-Bridging-Header.h */ = {isa = PBXFileReference; lastKnownFileType = sourcecode.c.h; path = "OpenCVTest-Bridging-Header.h"; sourceTree = "<group>"; };
		60E7B4731F29877800DD224E /* ViewController.mm */ = {isa = PBXFileReference; fileEncoding = 4; lastKnownFileType = sourcecode.cpp.objcpp; path = ViewController.mm; sourceTree = "<group>"; };
		60E7B4761F29893900DD224E /* opencv2.framework */ = {isa = PBXFileReference; lastKnownFileType = wrapper.framework; name = opencv2.framework; path = OpenCVTest/lib/opencv/ios/opencv2.framework; sourceTree = "<group>"; };
/* End PBXFileReference section */

/* Begin PBXFrameworksBuildPhase section */
		60E7B4591F29870500DD224E /* Frameworks */ = {
			isa = PBXFrameworksBuildPhase;
			buildActionMask = 2147483647;
			files = (
				60E7B4771F29893900DD224E /* opencv2.framework in Frameworks */,
			);
			runOnlyForDeploymentPostprocessing = 0;
		};
/* End PBXFrameworksBuildPhase section */

/* Begin PBXGroup section */
		60E7B4531F29870500DD224E = {
			isa = PBXGroup;
			children = (
				60E7B45E1F29870500DD224E /* OpenCVTest */,
				60E7B45D1F29870500DD224E /* Products */,
				60E7B4751F29893900DD224E /* Frameworks */,
			);
			sourceTree = "<group>";
		};
		60E7B45D1F29870500DD224E /* Products */ = {
			isa = PBXGroup;
			children = (
				60E7B45C1F29870500DD224E /* OpenCVTest.app */,
			);
			name = Products;
			sourceTree = "<group>";
		};
		60E7B45E1F29870500DD224E /* OpenCVTest */ = {
			isa = PBXGroup;
			children = (
				60E7B45F1F29870500DD224E /* AppDelegate.swift */,
				60E7B4631F29870500DD224E /* Main.storyboard */,
				60E7B4661F29870500DD224E /* Assets.xcassets */,
				60E7B4681F29870500DD224E /* LaunchScreen.storyboard */,
				60E7B46B1F29870500DD224E /* Info.plist */,
				60E7B4711F29876B00DD224E /* ViewController.h */,
				60E7B4731F29877800DD224E /* ViewController.mm */,
				60E7B4721F29877800DD224E /* OpenCVTest-Bridging-Header.h */,
			);
			path = OpenCVTest;
			sourceTree = "<group>";
		};
		60E7B4751F29893900DD224E /* Frameworks */ = {
			isa = PBXGroup;
			children = (
				60E7B4761F29893900DD224E /* opencv2.framework */,
			);
			name = Frameworks;
			sourceTree = "<group>";
		};
/* End PBXGroup section */

/* Begin PBXNativeTarget section */
		60E7B45B1F29870500DD224E /* OpenCVTest */ = {
			isa = PBXNativeTarget;
			buildConfigurationList = 60E7B46E1F29870500DD224E /* Build configuration list for PBXNativeTarget "OpenCVTest" */;
			buildPhases = (
				60E7B4581F29870500DD224E /* Sources */,
				60E7B4591F29870500DD224E /* Frameworks */,
				60E7B45A1F29870500DD224E /* Resources */,
			);
			buildRules = (
			);
			dependencies = (
			);
			name = OpenCVTest;
			productName = OpenCVTest;
			productReference = 60E7B45C1F29870500DD224E /* OpenCVTest.app */;
			productType = "com.apple.product-type.application";
		};
/* End PBXNativeTarget section */

/* Begin PBXProject section */
		60E7B4541F29870500DD224E /* Project object */ = {
			isa = PBXProject;
			attributes = {
				LastSwiftUpdateCheck = 0830;
				LastUpgradeCheck = 0830;
				ORGANIZATIONNAME = chihiroshima;
				TargetAttributes = {
					60E7B45B1F29870500DD224E = {
						CreatedOnToolsVersion = 8.3.3;
						DevelopmentTeam = 379WCZ78LM;
						LastSwiftMigration = 0830;
						ProvisioningStyle = Automatic;
					};
				};
			};
			buildConfigurationList = 60E7B4571F29870500DD224E /* Build configuration list for PBXProject "OpenCVTest" */;
			compatibilityVersion = "Xcode 3.2";
			developmentRegion = English;
			hasScannedForEncodings = 0;
			knownRegions = (
				en,
				Base,
			);
			mainGroup = 60E7B4531F29870500DD224E;
			productRefGroup = 60E7B45D1F29870500DD224E /* Products */;
			projectDirPath = "";
			projectRoot = "";
			targets = (
				60E7B45B1F29870500DD224E /* OpenCVTest */,
			);
		};
/* End PBXProject section */

/* Begin PBXResourcesBuildPhase section */
		60E7B45A1F29870500DD224E /* Resources */ = {
			isa = PBXResourcesBuildPhase;
			buildActionMask = 2147483647;
			files = (
				60E7B46A1F29870500DD224E /* LaunchScreen.storyboard in Resources */,
				60E7B4671F29870500DD224E /* Assets.xcassets in Resources */,
				60E7B4651F29870500DD224E /* Main.storyboard in Resources */,
			);
			runOnlyForDeploymentPostprocessing = 0;
		};
/* End PBXResourcesBuildPhase section */

/* Begin PBXSourcesBuildPhase section */
		60E7B4581F29870500DD224E /* Sources */ = {
			isa = PBXSourcesBuildPhase;
			buildActionMask = 2147483647;
			files = (
				60E7B4741F29877800DD224E /* ViewController.mm in Sources */,
				60E7B4601F29870500DD224E /* AppDelegate.swift in Sources */,
			);
			runOnlyForDeploymentPostprocessing = 0;
		};
/* End PBXSourcesBuildPhase section */

/* Begin PBXVariantGroup section */
		60E7B4631F29870500DD224E /* Main.storyboard */ = {
			isa = PBXVariantGroup;
			children = (
				60E7B4641F29870500DD224E /* Base */,
			);
			name = Main.storyboard;
			sourceTree = "<group>";
		};
		60E7B4681F29870500DD224E /* LaunchScreen.storyboard */ = {
			isa = PBXVariantGroup;
			children = (
				60E7B4691F29870500DD224E /* Base */,
			);
			name = LaunchScreen.storyboard;
			sourceTree = "<group>";
		};
/* End PBXVariantGroup section */

/* Begin XCBuildConfiguration section */
		60E7B46C1F29870500DD224E /* Debug */ = {
			isa = XCBuildConfiguration;
			buildSettings = {
				ALWAYS_SEARCH_USER_PATHS = NO;
				CLANG_ANALYZER_NONNULL = YES;
				CLANG_ANALYZER_NUMBER_OBJECT_CONVERSION = YES_AGGRESSIVE;
				CLANG_CXX_LANGUAGE_STANDARD = "gnu++0x";
				CLANG_CXX_LIBRARY = "libc++";
				CLANG_ENABLE_MODULES = YES;
				CLANG_ENABLE_OBJC_ARC = YES;
				CLANG_WARN_BOOL_CONVERSION = YES;
				CLANG_WARN_CONSTANT_CONVERSION = YES;
				CLANG_WARN_DIRECT_OBJC_ISA_USAGE = YES_ERROR;
				CLANG_WARN_DOCUMENTATION_COMMENTS = YES;
				CLANG_WARN_EMPTY_BODY = YES;
				CLANG_WARN_ENUM_CONVERSION = YES;
				CLANG_WARN_INFINITE_RECURSION = YES;
				CLANG_WARN_INT_CONVERSION = YES;
				CLANG_WARN_OBJC_ROOT_CLASS = YES_ERROR;
				CLANG_WARN_SUSPICIOUS_MOVE = YES;
				CLANG_WARN_UNREACHABLE_CODE = YES;
				CLANG_WARN__DUPLICATE_METHOD_MATCH = YES;
				"CODE_SIGN_IDENTITY[sdk=iphoneos*]" = "iPhone Developer";
				COPY_PHASE_STRIP = NO;
				DEBUG_INFORMATION_FORMAT = dwarf;
				ENABLE_STRICT_OBJC_MSGSEND = YES;
				ENABLE_TESTABILITY = YES;
				GCC_C_LANGUAGE_STANDARD = gnu99;
				GCC_DYNAMIC_NO_PIC = NO;
				GCC_NO_COMMON_BLOCKS = YES;
				GCC_OPTIMIZATION_LEVEL = 0;
				GCC_PREPROCESSOR_DEFINITIONS = (
					"DEBUG=1",
					"$(inherited)",
				);
				GCC_WARN_64_TO_32_BIT_CONVERSION = YES;
				GCC_WARN_ABOUT_RETURN_TYPE = YES_ERROR;
				GCC_WARN_UNDECLARED_SELECTOR = YES;
				GCC_WARN_UNINITIALIZED_AUTOS = YES_AGGRESSIVE;
				GCC_WARN_UNUSED_FUNCTION = YES;
				GCC_WARN_UNUSED_VARIABLE = YES;
				IPHONEOS_DEPLOYMENT_TARGET = 10.3;
				MTL_ENABLE_DEBUG_INFO = YES;
				ONLY_ACTIVE_ARCH = YES;
				SDKROOT = iphoneos;
				SWIFT_ACTIVE_COMPILATION_CONDITIONS = DEBUG;
				SWIFT_OPTIMIZATION_LEVEL = "-Onone";
			};
			name = Debug;
		};
		60E7B46D1F29870500DD224E /* Release */ = {
			isa = XCBuildConfiguration;
			buildSettings = {
				ALWAYS_SEARCH_USER_PATHS = NO;
				CLANG_ANALYZER_NONNULL = YES;
				CLANG_ANALYZER_NUMBER_OBJECT_CONVERSION = YES_AGGRESSIVE;
				CLANG_CXX_LANGUAGE_STANDARD = "gnu++0x";
				CLANG_CXX_LIBRARY = "libc++";
				CLANG_ENABLE_MODULES = YES;
				CLANG_ENABLE_OBJC_ARC = YES;
				CLANG_WARN_BOOL_CONVERSION = YES;
				CLANG_WARN_CONSTANT_CONVERSION = YES;
				CLANG_WARN_DIRECT_OBJC_ISA_USAGE = YES_ERROR;
				CLANG_WARN_DOCUMENTATION_COMMENTS = YES;
				CLANG_WARN_EMPTY_BODY = YES;
				CLANG_WARN_ENUM_CONVERSION = YES;
				CLANG_WARN_INFINITE_RECURSION = YES;
				CLANG_WARN_INT_CONVERSION = YES;
				CLANG_WARN_OBJC_ROOT_CLASS = YES_ERROR;
				CLANG_WARN_SUSPICIOUS_MOVE = YES;
				CLANG_WARN_UNREACHABLE_CODE = YES;
				CLANG_WARN__DUPLICATE_METHOD_MATCH = YES;
				"CODE_SIGN_IDENTITY[sdk=iphoneos*]" = "iPhone Developer";
				COPY_PHASE_STRIP = NO;
				DEBUG_INFORMATION_FORMAT = "dwarf-with-dsym";
				ENABLE_NS_ASSERTIONS = NO;
				ENABLE_STRICT_OBJC_MSGSEND = YES;
				GCC_C_LANGUAGE_STANDARD = gnu99;
				GCC_NO_COMMON_BLOCKS = YES;
				GCC_WARN_64_TO_32_BIT_CONVERSION = YES;
				GCC_WARN_ABOUT_RETURN_TYPE = YES_ERROR;
				GCC_WARN_UNDECLARED_SELECTOR = YES;
				GCC_WARN_UNINITIALIZED_AUTOS = YES_AGGRESSIVE;
				GCC_WARN_UNUSED_FUNCTION = YES;
				GCC_WARN_UNUSED_VARIABLE = YES;
				IPHONEOS_DEPLOYMENT_TARGET = 10.3;
				MTL_ENABLE_DEBUG_INFO = NO;
				SDKROOT = iphoneos;
				SWIFT_OPTIMIZATION_LEVEL = "-Owholemodule";
				VALIDATE_PRODUCT = YES;
			};
			name = Release;
		};
		60E7B46F1F29870500DD224E /* Debug */ = {
			isa = XCBuildConfiguration;
			buildSettings = {
				ASSETCATALOG_COMPILER_APPICON_NAME = AppIcon;
				CLANG_ENABLE_MODULES = YES;
				DEVELOPMENT_TEAM = 379WCZ78LM;
				FRAMEWORK_SEARCH_PATHS = (
					"$(inherited)",
					"$(PROJECT_DIR)/OpenCVTest/lib/opencv/ios",
				);
				INFOPLIST_FILE = OpenCVTest/Info.plist;
				LD_RUNPATH_SEARCH_PATHS = "$(inherited) @executable_path/Frameworks";
				PRODUCT_BUNDLE_IDENTIFIER = com.chihiroshima.OpenCVTest;
				PRODUCT_NAME = "$(TARGET_NAME)";
				SWIFT_OBJC_BRIDGING_HEADER = "OpenCVTest/OpenCVTest-Bridging-Header.h";
				SWIFT_OPTIMIZATION_LEVEL = "-Onone";
				SWIFT_VERSION = 3.0;
			};
			name = Debug;
		};
		60E7B4701F29870500DD224E /* Release */ = {
			isa = XCBuildConfiguration;
			buildSettings = {
				ASSETCATALOG_COMPILER_APPICON_NAME = AppIcon;
				CLANG_ENABLE_MODULES = YES;
				DEVELOPMENT_TEAM = 379WCZ78LM;
				FRAMEWORK_SEARCH_PATHS = (
					"$(inherited)",
					"$(PROJECT_DIR)/OpenCVTest/lib/opencv/ios",
				);
				INFOPLIST_FILE = OpenCVTest/Info.plist;
				LD_RUNPATH_SEARCH_PATHS = "$(inherited) @executable_path/Frameworks";
				PRODUCT_BUNDLE_IDENTIFIER = com.chihiroshima.OpenCVTest;
				PRODUCT_NAME = "$(TARGET_NAME)";
				SWIFT_OBJC_BRIDGING_HEADER = "OpenCVTest/OpenCVTest-Bridging-Header.h";
				SWIFT_VERSION = 3.0;
			};
			name = Release;
		};
/* End XCBuildConfiguration section */

/* Begin XCConfigurationList section */
		60E7B4571F29870500DD224E /* Build configuration list for PBXProject "OpenCVTest" */ = {
			isa = XCConfigurationList;
			buildConfigurations = (
				60E7B46C1F29870500DD224E /* Debug */,
				60E7B46D1F29870500DD224E /* Release */,
			);
			defaultConfigurationIsVisible = 0;
			defaultConfigurationName = Release;
		};
		60E7B46E1F29870500DD224E /* Build configuration list for PBXNativeTarget "OpenCVTest" */ = {
			isa = XCConfigurationList;
			buildConfigurations = (
				60E7B46F1F29870500DD224E /* Debug */,
				60E7B4701F29870500DD224E /* Release */,
			);
			defaultConfigurationIsVisible = 0;
		};
/* End XCConfigurationList section */
	};
	rootObject = 60E7B4541F29870500DD224E /* Project object */;
}
